{
  "pins" : [
    {
      "identity" : "maintini",
      "kind" : "remoteSourceControl",
      "location" : "https://github.com/ptsochantaris/maintini",
      "state" : {
        "branch" : "main",
        "revision" : "f560a9b4be15b378a0758d689828d1f6f5867fde"
      }
    },
    {
      "identity" : "ml-stable-diffusion",
      "kind" : "remoteSourceControl",
      "location" : "https://github.com/apple/ml-stable-diffusion",
      "state" : {
        "branch" : "main",
        "revision" : "11ba3a096577eb6d243fa3e48d9c05d3a7f06968"
      }
    },
    {
      "identity" : "pop-timer",
      "kind" : "remoteSourceControl",
      "location" : "https://github.com/ptsochantaris/pop-timer",
      "state" : {
        "branch" : "main",
        "revision" : "09a2b89dcef86151fc30cfc6000154b3645170b1"
      }
    },
    {
      "identity" : "swift-argument-parser",
      "kind" : "remoteSourceControl",
      "location" : "https://github.com/apple/swift-argument-parser.git",
      "state" : {
        "revision" : "fddd1c00396eed152c45a46bea9f47b98e59301d",
        "version" : "1.2.0"
      }
    },
    {
      "identity" : "zip",
      "kind" : "remoteSourceControl",
      "location" : "https://github.com/marmelroy/Zip",
      "state" : {
        "revision" : "67fa55813b9e7b3b9acee9c0ae501def28746d76",
        "version" : "2.1.2"
      }
    }
  ],
  "version" : 2
}
