// !$*UTF8*$!
{
	archiveVersion = 1;
	classes = {
	};
	objectVersion = 56;
	objects = {

/* Begin PBXBuildFile section */
		160292112996812D006C67C9 /* NewItemModel.swift in Sources */ = {isa = PBXBuildFile; fileRef = 160292102996812D006C67C9 /* NewItemModel.swift */; };
		1610EFC4298443DE00266EEA /* PipelineManager.swift in Sources */ = {isa = PBXBuildFile; fileRef = 1610EFC3298443DE00266EEA /* PipelineManager.swift */; };
		1625572C297B2C9C0027BD4F /* ListItem.swift in Sources */ = {isa = PBXBuildFile; fileRef = 1625572B297B2C9C0027BD4F /* ListItem.swift */; };
		1625572E297B38EF0027BD4F /* Model.swift in Sources */ = {isa = PBXBuildFile; fileRef = 1625572D297B38EF0027BD4F /* Model.swift */; };
		16255730297B6EAF0027BD4F /* ListItemState.swift in Sources */ = {isa = PBXBuildFile; fileRef = 1625572F297B6EAF0027BD4F /* ListItemState.swift */; };
		16255732297BF9BB0027BD4F /* ListItemView.swift in Sources */ = {isa = PBXBuildFile; fileRef = 16255731297BF9BB0027BD4F /* ListItemView.swift */; };
		16255734297BF9DC0027BD4F /* EntryFooter.swift in Sources */ = {isa = PBXBuildFile; fileRef = 16255733297BF9DC0027BD4F /* EntryFooter.swift */; };
		16255736297BFA430027BD4F /* NewItem.swift in Sources */ = {isa = PBXBuildFile; fileRef = 16255735297BFA430027BD4F /* NewItem.swift */; };
		16255738297C3F840027BD4F /* EntryName.swift in Sources */ = {isa = PBXBuildFile; fileRef = 16255737297C3F840027BD4F /* EntryName.swift */; };
		1625573A297C3FA20027BD4F /* EntryTitle.swift in Sources */ = {isa = PBXBuildFile; fileRef = 16255739297C3FA20027BD4F /* EntryTitle.swift */; };
		1625573C297C3FBF0027BD4F /* MimaButton.swift in Sources */ = {isa = PBXBuildFile; fileRef = 1625573B297C3FBF0027BD4F /* MimaButton.swift */; };
		1625573E297C3FD90027BD4F /* GaugeProgressStyle.swift in Sources */ = {isa = PBXBuildFile; fileRef = 1625573D297C3FD90027BD4F /* GaugeProgressStyle.swift */; };
		1630C9A12981B68B005A0688 /* ZIPFoundation in Frameworks */ = {isa = PBXBuildFile; productRef = 1630C9A02981B68B005A0688 /* ZIPFoundation */; };
		1635F76229869EBB00B6FC6A /* TipJar.swift in Sources */ = {isa = PBXBuildFile; fileRef = 1635F76129869EBB00B6FC6A /* TipJar.swift */; };
		16398DBB2986C408002214EA /* TipList.swift in Sources */ = {isa = PBXBuildFile; fileRef = 16398DBA2986C408002214EA /* TipList.swift */; };
		16398DBD2986C41B002214EA /* TipView.swift in Sources */ = {isa = PBXBuildFile; fileRef = 16398DBC2986C41B002214EA /* TipView.swift */; };
		163A5D2D2A9E19AD00D370FA /* PopTimer in Frameworks */ = {isa = PBXBuildFile; productRef = 163A5D2C2A9E19AD00D370FA /* PopTimer */; };
		1646F2AE2985E05900C75C1C /* HelpView.swift in Sources */ = {isa = PBXBuildFile; fileRef = 1646F2AD2985E05900C75C1C /* HelpView.swift */; };
		164CEC752AB31C7300298594 /* Maintini in Frameworks */ = {isa = PBXBuildFile; productRef = 164CEC742AB31C7300298594 /* Maintini */; };
		164DD47C2982EF97006B8D6F /* PipelinePhaseView.swift in Sources */ = {isa = PBXBuildFile; fileRef = 164DD47B2982EF97006B8D6F /* PipelinePhaseView.swift */; };
		164DD47E2982F05A006B8D6F /* DismissButton.swift in Sources */ = {isa = PBXBuildFile; fileRef = 164DD47D2982F05A006B8D6F /* DismissButton.swift */; };
		164DD48029831728006B8D6F /* ButtonBackground.swift in Sources */ = {isa = PBXBuildFile; fileRef = 164DD47F29831728006B8D6F /* ButtonBackground.swift */; };
		16501BDB29957AA000B77985 /* StableDiffusion in Frameworks */ = {isa = PBXBuildFile; productRef = 16501BDA29957AA000B77985 /* StableDiffusion */; };
		165150E7297DCC5A00124967 /* AboutView.swift in Sources */ = {isa = PBXBuildFile; fileRef = 165150E6297DCC5A00124967 /* AboutView.swift */; };
		166142482974BD5800BFA494 /* MimaApp.swift in Sources */ = {isa = PBXBuildFile; fileRef = 166142472974BD5800BFA494 /* MimaApp.swift */; };
		1661424C2974BD5900BFA494 /* Assets.xcassets in Resources */ = {isa = PBXBuildFile; fileRef = 1661424B2974BD5900BFA494 /* Assets.xcassets */; };
		1661425F2974D15E00BFA494 /* Utils.swift in Sources */ = {isa = PBXBuildFile; fileRef = 1661425E2974D15E00BFA494 /* Utils.swift */; };
		16622AC7297D996300C8C7F0 /* Mac.swift in Sources */ = {isa = PBXBuildFile; fileRef = 16622AC6297D996300C8C7F0 /* Mac.swift */; };
		166A262E297EE7C600A1BB50 /* Rendering.swift in Sources */ = {isa = PBXBuildFile; fileRef = 166A262D297EE7C600A1BB50 /* Rendering.swift */; };
		16A4FF2E29E0A3590077A3C7 /* MimaAppIntents.swift in Sources */ = {isa = PBXBuildFile; fileRef = 16A4FF2D29E0A3590077A3C7 /* MimaAppIntents.swift */; };
		16F0E2EB2995952D00F71B01 /* Logging.swift in Sources */ = {isa = PBXBuildFile; fileRef = 16F0E2EA2995952D00F71B01 /* Logging.swift */; };
		16F195A629889AD300E2862C /* BootWatcher.swift in Sources */ = {isa = PBXBuildFile; fileRef = 16F195A529889AD300E2862C /* BootWatcher.swift */; };
/* End PBXBuildFile section */

/* Begin PBXFileReference section */
		160292102996812D006C67C9 /* NewItemModel.swift */ = {isa = PBXFileReference; lastKnownFileType = sourcecode.swift; path = NewItemModel.swift; sourceTree = "<group>"; };
		1610EFC3298443DE00266EEA /* PipelineManager.swift */ = {isa = PBXFileReference; lastKnownFileType = sourcecode.swift; path = PipelineManager.swift; sourceTree = "<group>"; };
		1625572B297B2C9C0027BD4F /* ListItem.swift */ = {isa = PBXFileReference; lastKnownFileType = sourcecode.swift; path = ListItem.swift; sourceTree = "<group>"; };
		1625572D297B38EF0027BD4F /* Model.swift */ = {isa = PBXFileReference; lastKnownFileType = sourcecode.swift; path = Model.swift; sourceTree = "<group>"; };
		1625572F297B6EAF0027BD4F /* ListItemState.swift */ = {isa = PBXFileReference; lastKnownFileType = sourcecode.swift; path = ListItemState.swift; sourceTree = "<group>"; };
		16255731297BF9BB0027BD4F /* ListItemView.swift */ = {isa = PBXFileReference; lastKnownFileType = sourcecode.swift; path = ListItemView.swift; sourceTree = "<group>"; };
		16255733297BF9DC0027BD4F /* EntryFooter.swift */ = {isa = PBXFileReference; lastKnownFileType = sourcecode.swift; path = EntryFooter.swift; sourceTree = "<group>"; };
		16255735297BFA430027BD4F /* NewItem.swift */ = {isa = PBXFileReference; lastKnownFileType = sourcecode.swift; path = NewItem.swift; sourceTree = "<group>"; };
		16255737297C3F840027BD4F /* EntryName.swift */ = {isa = PBXFileReference; lastKnownFileType = sourcecode.swift; path = EntryName.swift; sourceTree = "<group>"; };
		16255739297C3FA20027BD4F /* EntryTitle.swift */ = {isa = PBXFileReference; lastKnownFileType = sourcecode.swift; path = EntryTitle.swift; sourceTree = "<group>"; };
		1625573B297C3FBF0027BD4F /* MimaButton.swift */ = {isa = PBXFileReference; lastKnownFileType = sourcecode.swift; path = MimaButton.swift; sourceTree = "<group>"; };
		1625573D297C3FD90027BD4F /* GaugeProgressStyle.swift */ = {isa = PBXFileReference; lastKnownFileType = sourcecode.swift; path = GaugeProgressStyle.swift; sourceTree = "<group>"; };
		1635F76129869EBB00B6FC6A /* TipJar.swift */ = {isa = PBXFileReference; lastKnownFileType = sourcecode.swift; path = TipJar.swift; sourceTree = "<group>"; };
		1635F7632986A07C00B6FC6A /* Mima.storekit */ = {isa = PBXFileReference; lastKnownFileType = text; path = Mima.storekit; sourceTree = "<group>"; };
		16398DBA2986C408002214EA /* TipList.swift */ = {isa = PBXFileReference; lastKnownFileType = sourcecode.swift; path = TipList.swift; sourceTree = "<group>"; };
		16398DBC2986C41B002214EA /* TipView.swift */ = {isa = PBXFileReference; lastKnownFileType = sourcecode.swift; path = TipView.swift; sourceTree = "<group>"; };
		1646F2AD2985E05900C75C1C /* HelpView.swift */ = {isa = PBXFileReference; lastKnownFileType = sourcecode.swift; path = HelpView.swift; sourceTree = "<group>"; };
		164DD47B2982EF97006B8D6F /* PipelinePhaseView.swift */ = {isa = PBXFileReference; lastKnownFileType = sourcecode.swift; path = PipelinePhaseView.swift; sourceTree = "<group>"; };
		164DD47D2982F05A006B8D6F /* DismissButton.swift */ = {isa = PBXFileReference; lastKnownFileType = sourcecode.swift; path = DismissButton.swift; sourceTree = "<group>"; };
		164DD47F29831728006B8D6F /* ButtonBackground.swift */ = {isa = PBXFileReference; lastKnownFileType = sourcecode.swift; path = ButtonBackground.swift; sourceTree = "<group>"; };
		165150E6297DCC5A00124967 /* AboutView.swift */ = {isa = PBXFileReference; lastKnownFileType = sourcecode.swift; path = AboutView.swift; sourceTree = "<group>"; };
		166142442974BD5800BFA494 /* Mima.app */ = {isa = PBXFileReference; explicitFileType = wrapper.application; includeInIndex = 0; path = Mima.app; sourceTree = BUILT_PRODUCTS_DIR; };
		166142472974BD5800BFA494 /* MimaApp.swift */ = {isa = PBXFileReference; lastKnownFileType = sourcecode.swift; path = MimaApp.swift; sourceTree = "<group>"; };
		1661424B2974BD5900BFA494 /* Assets.xcassets */ = {isa = PBXFileReference; lastKnownFileType = folder.assetcatalog; path = Assets.xcassets; sourceTree = "<group>"; };
		1661424D2974BD5900BFA494 /* Mima.entitlements */ = {isa = PBXFileReference; lastKnownFileType = text.plist.entitlements; path = Mima.entitlements; sourceTree = "<group>"; };
		1661425E2974D15E00BFA494 /* Utils.swift */ = {isa = PBXFileReference; lastKnownFileType = sourcecode.swift; path = Utils.swift; sourceTree = "<group>"; };
		16622AC6297D996300C8C7F0 /* Mac.swift */ = {isa = PBXFileReference; lastKnownFileType = sourcecode.swift; path = Mac.swift; sourceTree = "<group>"; };
		166A262D297EE7C600A1BB50 /* Rendering.swift */ = {isa = PBXFileReference; lastKnownFileType = sourcecode.swift; path = Rendering.swift; sourceTree = "<group>"; };
		169732BC297F0C2700DFF596 /* Info.plist */ = {isa = PBXFileReference; lastKnownFileType = text.plist; path = Info.plist; sourceTree = "<group>"; };
		16A4FF2D29E0A3590077A3C7 /* MimaAppIntents.swift */ = {isa = PBXFileReference; lastKnownFileType = sourcecode.swift; path = MimaAppIntents.swift; sourceTree = "<group>"; };
		16F0E2EA2995952D00F71B01 /* Logging.swift */ = {isa = PBXFileReference; lastKnownFileType = sourcecode.swift; path = Logging.swift; sourceTree = "<group>"; };
		16F195A529889AD300E2862C /* BootWatcher.swift */ = {isa = PBXFileReference; lastKnownFileType = sourcecode.swift; path = BootWatcher.swift; sourceTree = "<group>"; };
/* End PBXFileReference section */

/* Begin PBXFrameworksBuildPhase section */
		166142412974BD5800BFA494 /* Frameworks */ = {
			isa = PBXFrameworksBuildPhase;
			buildActionMask = 2147483647;
			files = (
				163A5D2D2A9E19AD00D370FA /* PopTimer in Frameworks */,
				164CEC752AB31C7300298594 /* Maintini in Frameworks */,
				1630C9A12981B68B005A0688 /* ZIPFoundation in Frameworks */,
				16501BDB29957AA000B77985 /* StableDiffusion in Frameworks */,
			);
			runOnlyForDeploymentPostprocessing = 0;
		};
/* End PBXFrameworksBuildPhase section */

/* Begin PBXGroup section */
		1661423B2974BD5800BFA494 = {
			isa = PBXGroup;
			children = (
				166142462974BD5800BFA494 /* Mima */,
				166142452974BD5800BFA494 /* Products */,
			);
			sourceTree = "<group>";
		};
		166142452974BD5800BFA494 /* Products */ = {
			isa = PBXGroup;
			children = (
				166142442974BD5800BFA494 /* Mima.app */,
			);
			name = Products;
			sourceTree = "<group>";
		};
		166142462974BD5800BFA494 /* Mima */ = {
			isa = PBXGroup;
			children = (
				1661424D2974BD5900BFA494 /* Mima.entitlements */,
				169732BC297F0C2700DFF596 /* Info.plist */,
				1635F7632986A07C00B6FC6A /* Mima.storekit */,
				1661424B2974BD5900BFA494 /* Assets.xcassets */,
				16622AC2297D82CF00C8C7F0 /* Data */,
				16622AC3297D82DA00C8C7F0 /* UI */,
			);
			path = Mima;
			sourceTree = "<group>";
		};
		16622AC2297D82CF00C8C7F0 /* Data */ = {
			isa = PBXGroup;
			children = (
				1625572B297B2C9C0027BD4F /* ListItem.swift */,
				1625572F297B6EAF0027BD4F /* ListItemState.swift */,
				1625572D297B38EF0027BD4F /* Model.swift */,
				166A262D297EE7C600A1BB50 /* Rendering.swift */,
				1661425E2974D15E00BFA494 /* Utils.swift */,
				1610EFC3298443DE00266EEA /* PipelineManager.swift */,
				1635F76129869EBB00B6FC6A /* TipJar.swift */,
				16F195A529889AD300E2862C /* BootWatcher.swift */,
				16F0E2EA2995952D00F71B01 /* Logging.swift */,
				160292102996812D006C67C9 /* NewItemModel.swift */,
				16A4FF2D29E0A3590077A3C7 /* MimaAppIntents.swift */,
			);
			path = Data;
			sourceTree = "<group>";
		};
		16622AC3297D82DA00C8C7F0 /* UI */ = {
			isa = PBXGroup;
			children = (
				165150E6297DCC5A00124967 /* AboutView.swift */,
				164DD47F29831728006B8D6F /* ButtonBackground.swift */,
				164DD47D2982F05A006B8D6F /* DismissButton.swift */,
				16255733297BF9DC0027BD4F /* EntryFooter.swift */,
				16255737297C3F840027BD4F /* EntryName.swift */,
				16255739297C3FA20027BD4F /* EntryTitle.swift */,
				1625573D297C3FD90027BD4F /* GaugeProgressStyle.swift */,
				1646F2AD2985E05900C75C1C /* HelpView.swift */,
				16255731297BF9BB0027BD4F /* ListItemView.swift */,
				16622AC6297D996300C8C7F0 /* Mac.swift */,
				166142472974BD5800BFA494 /* MimaApp.swift */,
				1625573B297C3FBF0027BD4F /* MimaButton.swift */,
				16255735297BFA430027BD4F /* NewItem.swift */,
				164DD47B2982EF97006B8D6F /* PipelinePhaseView.swift */,
				16398DBA2986C408002214EA /* TipList.swift */,
				16398DBC2986C41B002214EA /* TipView.swift */,
			);
			path = UI;
			sourceTree = "<group>";
		};
/* End PBXGroup section */

/* Begin PBXNativeTarget section */
		166142432974BD5800BFA494 /* Mima */ = {
			isa = PBXNativeTarget;
			buildConfigurationList = 166142532974BD5900BFA494 /* Build configuration list for PBXNativeTarget "Mima" */;
			buildPhases = (
				166142402974BD5800BFA494 /* Sources */,
				166142412974BD5800BFA494 /* Frameworks */,
				166142422974BD5800BFA494 /* Resources */,
			);
			buildRules = (
			);
			dependencies = (
			);
			name = Mima;
			packageProductDependencies = (
				1630C9A02981B68B005A0688 /* ZIPFoundation */,
				16501BDA29957AA000B77985 /* StableDiffusion */,
				163A5D2C2A9E19AD00D370FA /* PopTimer */,
				164CEC742AB31C7300298594 /* Maintini */,
			);
			productName = Mima;
			productReference = 166142442974BD5800BFA494 /* Mima.app */;
			productType = "com.apple.product-type.application";
		};
/* End PBXNativeTarget section */

/* Begin PBXProject section */
		1661423C2974BD5800BFA494 /* Project object */ = {
			isa = PBXProject;
			attributes = {
				BuildIndependentTargetsInParallel = 1;
				LastSwiftUpdateCheck = 1420;
				LastUpgradeCheck = 1500;
				TargetAttributes = {
					166142432974BD5800BFA494 = {
						CreatedOnToolsVersion = 14.2;
					};
				};
			};
			buildConfigurationList = 1661423F2974BD5800BFA494 /* Build configuration list for PBXProject "Mima" */;
			compatibilityVersion = "Xcode 14.0";
			developmentRegion = en;
			hasScannedForEncodings = 0;
			knownRegions = (
				en,
				Base,
			);
			mainGroup = 1661423B2974BD5800BFA494;
			packageReferences = (
				1630C99F2981B68B005A0688 /* XCRemoteSwiftPackageReference "ZIPFoundation" */,
				16501BD929957AA000B77985 /* XCRemoteSwiftPackageReference "ml-stable-diffusion" */,
				163A5D2B2A9E19AD00D370FA /* XCRemoteSwiftPackageReference "pop-timer" */,
				164CEC732AB31C7300298594 /* XCRemoteSwiftPackageReference "maintini" */,
			);
			productRefGroup = 166142452974BD5800BFA494 /* Products */;
			projectDirPath = "";
			projectRoot = "";
			targets = (
				166142432974BD5800BFA494 /* Mima */,
			);
		};
/* End PBXProject section */

/* Begin PBXResourcesBuildPhase section */
		166142422974BD5800BFA494 /* Resources */ = {
			isa = PBXResourcesBuildPhase;
			buildActionMask = 2147483647;
			files = (
				1661424C2974BD5900BFA494 /* Assets.xcassets in Resources */,
			);
			runOnlyForDeploymentPostprocessing = 0;
		};
/* End PBXResourcesBuildPhase section */

/* Begin PBXSourcesBuildPhase section */
		166142402974BD5800BFA494 /* Sources */ = {
			isa = PBXSourcesBuildPhase;
			buildActionMask = 2147483647;
			files = (
				1661425F2974D15E00BFA494 /* Utils.swift in Sources */,
				16622AC7297D996300C8C7F0 /* Mac.swift in Sources */,
				1635F76229869EBB00B6FC6A /* TipJar.swift in Sources */,
				16398DBD2986C41B002214EA /* TipView.swift in Sources */,
				1625573A297C3FA20027BD4F /* EntryTitle.swift in Sources */,
				16255730297B6EAF0027BD4F /* ListItemState.swift in Sources */,
				164DD47C2982EF97006B8D6F /* PipelinePhaseView.swift in Sources */,
				16A4FF2E29E0A3590077A3C7 /* MimaAppIntents.swift in Sources */,
				164DD47E2982F05A006B8D6F /* DismissButton.swift in Sources */,
				16398DBB2986C408002214EA /* TipList.swift in Sources */,
				1625573C297C3FBF0027BD4F /* MimaButton.swift in Sources */,
				166A262E297EE7C600A1BB50 /* Rendering.swift in Sources */,
				16F0E2EB2995952D00F71B01 /* Logging.swift in Sources */,
				166142482974BD5800BFA494 /* MimaApp.swift in Sources */,
				16255736297BFA430027BD4F /* NewItem.swift in Sources */,
				1625573E297C3FD90027BD4F /* GaugeProgressStyle.swift in Sources */,
				16F195A629889AD300E2862C /* BootWatcher.swift in Sources */,
				165150E7297DCC5A00124967 /* AboutView.swift in Sources */,
				16255732297BF9BB0027BD4F /* ListItemView.swift in Sources */,
				1646F2AE2985E05900C75C1C /* HelpView.swift in Sources */,
				164DD48029831728006B8D6F /* ButtonBackground.swift in Sources */,
				1610EFC4298443DE00266EEA /* PipelineManager.swift in Sources */,
				16255738297C3F840027BD4F /* EntryName.swift in Sources */,
				1625572E297B38EF0027BD4F /* Model.swift in Sources */,
				1625572C297B2C9C0027BD4F /* ListItem.swift in Sources */,
				16255734297BF9DC0027BD4F /* EntryFooter.swift in Sources */,
				160292112996812D006C67C9 /* NewItemModel.swift in Sources */,
			);
			runOnlyForDeploymentPostprocessing = 0;
		};
/* End PBXSourcesBuildPhase section */

/* Begin XCBuildConfiguration section */
		166142512974BD5900BFA494 /* Debug */ = {
			isa = XCBuildConfiguration;
			buildSettings = {
				ALWAYS_SEARCH_USER_PATHS = NO;
				ASSETCATALOG_COMPILER_OPTIMIZATION = time;
				CLANG_ANALYZER_NONNULL = YES;
				CLANG_ANALYZER_NUMBER_OBJECT_CONVERSION = YES_AGGRESSIVE;
				CLANG_CXX_LANGUAGE_STANDARD = "gnu++20";
				CLANG_ENABLE_MODULES = YES;
				CLANG_ENABLE_OBJC_ARC = YES;
				CLANG_ENABLE_OBJC_WEAK = YES;
				CLANG_WARN_BLOCK_CAPTURE_AUTORELEASING = YES;
				CLANG_WARN_BOOL_CONVERSION = YES;
				CLANG_WARN_COMMA = YES;
				CLANG_WARN_CONSTANT_CONVERSION = YES;
				CLANG_WARN_DEPRECATED_OBJC_IMPLEMENTATIONS = YES;
				CLANG_WARN_DIRECT_OBJC_ISA_USAGE = YES_ERROR;
				CLANG_WARN_DOCUMENTATION_COMMENTS = YES;
				CLANG_WARN_EMPTY_BODY = YES;
				CLANG_WARN_ENUM_CONVERSION = YES;
				CLANG_WARN_INFINITE_RECURSION = YES;
				CLANG_WARN_INT_CONVERSION = YES;
				CLANG_WARN_NON_LITERAL_NULL_CONVERSION = YES;
				CLANG_WARN_OBJC_IMPLICIT_RETAIN_SELF = YES;
				CLANG_WARN_OBJC_LITERAL_CONVERSION = YES;
				CLANG_WARN_OBJC_ROOT_CLASS = YES_ERROR;
				CLANG_WARN_QUOTED_INCLUDE_IN_FRAMEWORK_HEADER = YES;
				CLANG_WARN_RANGE_LOOP_ANALYSIS = YES;
				CLANG_WARN_STRICT_PROTOTYPES = YES;
				CLANG_WARN_SUSPICIOUS_MOVE = YES;
				CLANG_WARN_UNGUARDED_AVAILABILITY = YES_AGGRESSIVE;
				CLANG_WARN_UNREACHABLE_CODE = YES;
				CLANG_WARN__DUPLICATE_METHOD_MATCH = YES;
				COPY_PHASE_STRIP = NO;
				CURRENT_PROJECT_VERSION = 29;
				DEAD_CODE_STRIPPING = YES;
				DEBUG_INFORMATION_FORMAT = dwarf;
				ENABLE_STRICT_OBJC_MSGSEND = YES;
				ENABLE_TESTABILITY = YES;
				GCC_C_LANGUAGE_STANDARD = gnu11;
				GCC_DYNAMIC_NO_PIC = NO;
				GCC_FAST_MATH = YES;
				GCC_NO_COMMON_BLOCKS = YES;
				GCC_OPTIMIZATION_LEVEL = 0;
				GCC_PREPROCESSOR_DEFINITIONS = (
					"DEBUG=1",
					"$(inherited)",
				);
				GCC_WARN_64_TO_32_BIT_CONVERSION = YES;
				GCC_WARN_ABOUT_RETURN_TYPE = YES_ERROR;
				GCC_WARN_UNDECLARED_SELECTOR = YES;
				GCC_WARN_UNINITIALIZED_AUTOS = YES_AGGRESSIVE;
				GCC_WARN_UNUSED_FUNCTION = YES;
				GCC_WARN_UNUSED_VARIABLE = YES;
				MACOSX_DEPLOYMENT_TARGET = 13.1;
				MARKETING_VERSION = 1.1.2;
				MTL_ENABLE_DEBUG_INFO = INCLUDE_SOURCE;
				MTL_FAST_MATH = YES;
				ONLY_ACTIVE_ARCH = YES;
				SWIFT_ACTIVE_COMPILATION_CONDITIONS = DEBUG;
				SWIFT_ENFORCE_EXCLUSIVE_ACCESS = "debug-only";
				SWIFT_OPTIMIZATION_LEVEL = "-Onone";
			};
			name = Debug;
		};
		166142522974BD5900BFA494 /* Release */ = {
			isa = XCBuildConfiguration;
			buildSettings = {
				ALWAYS_SEARCH_USER_PATHS = NO;
				ASSETCATALOG_COMPILER_OPTIMIZATION = time;
				CLANG_ANALYZER_NONNULL = YES;
				CLANG_ANALYZER_NUMBER_OBJECT_CONVERSION = YES_AGGRESSIVE;
				CLANG_CXX_LANGUAGE_STANDARD = "gnu++20";
				CLANG_ENABLE_MODULES = YES;
				CLANG_ENABLE_OBJC_ARC = YES;
				CLANG_ENABLE_OBJC_WEAK = YES;
				CLANG_WARN_BLOCK_CAPTURE_AUTORELEASING = YES;
				CLANG_WARN_BOOL_CONVERSION = YES;
				CLANG_WARN_COMMA = YES;
				CLANG_WARN_CONSTANT_CONVERSION = YES;
				CLANG_WARN_DEPRECATED_OBJC_IMPLEMENTATIONS = YES;
				CLANG_WARN_DIRECT_OBJC_ISA_USAGE = YES_ERROR;
				CLANG_WARN_DOCUMENTATION_COMMENTS = YES;
				CLANG_WARN_EMPTY_BODY = YES;
				CLANG_WARN_ENUM_CONVERSION = YES;
				CLANG_WARN_INFINITE_RECURSION = YES;
				CLANG_WARN_INT_CONVERSION = YES;
				CLANG_WARN_NON_LITERAL_NULL_CONVERSION = YES;
				CLANG_WARN_OBJC_IMPLICIT_RETAIN_SELF = YES;
				CLANG_WARN_OBJC_LITERAL_CONVERSION = YES;
				CLANG_WARN_OBJC_ROOT_CLASS = YES_ERROR;
				CLANG_WARN_QUOTED_INCLUDE_IN_FRAMEWORK_HEADER = YES;
				CLANG_WARN_RANGE_LOOP_ANALYSIS = YES;
				CLANG_WARN_STRICT_PROTOTYPES = YES;
				CLANG_WARN_SUSPICIOUS_MOVE = YES;
				CLANG_WARN_UNGUARDED_AVAILABILITY = YES_AGGRESSIVE;
				CLANG_WARN_UNREACHABLE_CODE = YES;
				CLANG_WARN__DUPLICATE_METHOD_MATCH = YES;
				COPY_PHASE_STRIP = NO;
				CURRENT_PROJECT_VERSION = 29;
				DEAD_CODE_STRIPPING = YES;
				DEBUG_INFORMATION_FORMAT = "dwarf-with-dsym";
				ENABLE_NS_ASSERTIONS = NO;
				ENABLE_STRICT_OBJC_MSGSEND = YES;
				GCC_C_LANGUAGE_STANDARD = gnu11;
				GCC_FAST_MATH = YES;
				GCC_NO_COMMON_BLOCKS = YES;
				GCC_OPTIMIZATION_LEVEL = fast;
				GCC_WARN_64_TO_32_BIT_CONVERSION = YES;
				GCC_WARN_ABOUT_RETURN_TYPE = YES_ERROR;
				GCC_WARN_UNDECLARED_SELECTOR = YES;
				GCC_WARN_UNINITIALIZED_AUTOS = YES_AGGRESSIVE;
				GCC_WARN_UNUSED_FUNCTION = YES;
				GCC_WARN_UNUSED_VARIABLE = YES;
				LLVM_LTO = YES;
				MACOSX_DEPLOYMENT_TARGET = 13.1;
				MARKETING_VERSION = 1.1.2;
				MERGED_BINARY_TYPE = automatic;
				MTL_ENABLE_DEBUG_INFO = NO;
				MTL_FAST_MATH = YES;
				SWIFT_COMPILATION_MODE = wholemodule;
				SWIFT_DISABLE_SAFETY_CHECKS = YES;
				SWIFT_ENFORCE_EXCLUSIVE_ACCESS = off;
				SWIFT_OPTIMIZATION_LEVEL = "-O";
			};
			name = Release;
		};
		166142542974BD5900BFA494 /* Debug */ = {
			isa = XCBuildConfiguration;
			buildSettings = {
				ASSETCATALOG_COMPILER_APPICON_NAME = AppIcon;
				ASSETCATALOG_COMPILER_GLOBAL_ACCENT_COLOR_NAME = AccentColor;
				CODE_SIGN_ENTITLEMENTS = Mima/Mima.entitlements;
				CODE_SIGN_STYLE = Automatic;
				DEAD_CODE_STRIPPING = YES;
				DEVELOPMENT_TEAM = X727JSJUGJ;
				ENABLE_HARDENED_RUNTIME = YES;
				ENABLE_PREVIEWS = YES;
				GENERATE_INFOPLIST_FILE = YES;
				INFOPLIST_FILE = Mima/Info.plist;
				INFOPLIST_KEY_LSApplicationCategoryType = "public.app-category.utilities";
				"INFOPLIST_KEY_UIApplicationSceneManifest_Generation[sdk=iphoneos*]" = YES;
				"INFOPLIST_KEY_UIApplicationSceneManifest_Generation[sdk=iphonesimulator*]" = YES;
				"INFOPLIST_KEY_UIApplicationSupportsIndirectInputEvents[sdk=iphoneos*]" = YES;
				"INFOPLIST_KEY_UIApplicationSupportsIndirectInputEvents[sdk=iphonesimulator*]" = YES;
				"INFOPLIST_KEY_UILaunchScreen_Generation[sdk=iphoneos*]" = YES;
				"INFOPLIST_KEY_UILaunchScreen_Generation[sdk=iphonesimulator*]" = YES;
				"INFOPLIST_KEY_UIStatusBarStyle[sdk=iphoneos*]" = UIStatusBarStyleDefault;
				"INFOPLIST_KEY_UIStatusBarStyle[sdk=iphonesimulator*]" = UIStatusBarStyleDefault;
				INFOPLIST_KEY_UISupportedInterfaceOrientations_iPad = "UIInterfaceOrientationPortrait UIInterfaceOrientationPortraitUpsideDown UIInterfaceOrientationLandscapeLeft UIInterfaceOrientationLandscapeRight";
				INFOPLIST_KEY_UISupportedInterfaceOrientations_iPhone = "UIInterfaceOrientationPortrait UIInterfaceOrientationLandscapeLeft UIInterfaceOrientationLandscapeRight";
				LD_RUNPATH_SEARCH_PATHS = "@executable_path/Frameworks";
				"LD_RUNPATH_SEARCH_PATHS[sdk=macosx*]" = "@executable_path/../Frameworks";
				PRODUCT_BUNDLE_IDENTIFIER = build.bru.mima.Mima;
				PRODUCT_NAME = "$(TARGET_NAME)";
				SDKROOT = auto;
				SUPPORTED_PLATFORMS = "iphoneos iphonesimulator macosx";
				SWIFT_EMIT_LOC_STRINGS = YES;
				SWIFT_VERSION = 5.0;
				TARGETED_DEVICE_FAMILY = "1,2";
			};
			name = Debug;
		};
		166142552974BD5900BFA494 /* Release */ = {
			isa = XCBuildConfiguration;
			buildSettings = {
				ASSETCATALOG_COMPILER_APPICON_NAME = AppIcon;
				ASSETCATALOG_COMPILER_GLOBAL_ACCENT_COLOR_NAME = AccentColor;
				CODE_SIGN_ENTITLEMENTS = Mima/Mima.entitlements;
				CODE_SIGN_STYLE = Automatic;
				DEAD_CODE_STRIPPING = YES;
				DEVELOPMENT_TEAM = X727JSJUGJ;
				ENABLE_HARDENED_RUNTIME = YES;
				ENABLE_PREVIEWS = YES;
				GENERATE_INFOPLIST_FILE = YES;
				INFOPLIST_FILE = Mima/Info.plist;
				INFOPLIST_KEY_LSApplicationCategoryType = "public.app-category.utilities";
				"INFOPLIST_KEY_UIApplicationSceneManifest_Generation[sdk=iphoneos*]" = YES;
				"INFOPLIST_KEY_UIApplicationSceneManifest_Generation[sdk=iphonesimulator*]" = YES;
				"INFOPLIST_KEY_UIApplicationSupportsIndirectInputEvents[sdk=iphoneos*]" = YES;
				"INFOPLIST_KEY_UIApplicationSupportsIndirectInputEvents[sdk=iphonesimulator*]" = YES;
				"INFOPLIST_KEY_UILaunchScreen_Generation[sdk=iphoneos*]" = YES;
				"INFOPLIST_KEY_UILaunchScreen_Generation[sdk=iphonesimulator*]" = YES;
				"INFOPLIST_KEY_UIStatusBarStyle[sdk=iphoneos*]" = UIStatusBarStyleDefault;
				"INFOPLIST_KEY_UIStatusBarStyle[sdk=iphonesimulator*]" = UIStatusBarStyleDefault;
				INFOPLIST_KEY_UISupportedInterfaceOrientations_iPad = "UIInterfaceOrientationPortrait UIInterfaceOrientationPortraitUpsideDown UIInterfaceOrientationLandscapeLeft UIInterfaceOrientationLandscapeRight";
				INFOPLIST_KEY_UISupportedInterfaceOrientations_iPhone = "UIInterfaceOrientationPortrait UIInterfaceOrientationLandscapeLeft UIInterfaceOrientationLandscapeRight";
				LD_RUNPATH_SEARCH_PATHS = "@executable_path/Frameworks";
				"LD_RUNPATH_SEARCH_PATHS[sdk=macosx*]" = "@executable_path/../Frameworks";
				PRODUCT_BUNDLE_IDENTIFIER = build.bru.mima.Mima;
				PRODUCT_NAME = "$(TARGET_NAME)";
				SDKROOT = auto;
				SUPPORTED_PLATFORMS = "iphoneos iphonesimulator macosx";
				SWIFT_EMIT_LOC_STRINGS = YES;
				SWIFT_VERSION = 5.0;
				TARGETED_DEVICE_FAMILY = "1,2";
			};
			name = Release;
		};
/* End XCBuildConfiguration section */

/* Begin XCConfigurationList section */
		1661423F2974BD5800BFA494 /* Build configuration list for PBXProject "Mima" */ = {
			isa = XCConfigurationList;
			buildConfigurations = (
				166142512974BD5900BFA494 /* Debug */,
				166142522974BD5900BFA494 /* Release */,
			);
			defaultConfigurationIsVisible = 0;
			defaultConfigurationName = Release;
		};
		166142532974BD5900BFA494 /* Build configuration list for PBXNativeTarget "Mima" */ = {
			isa = XCConfigurationList;
			buildConfigurations = (
				166142542974BD5900BFA494 /* Debug */,
				166142552974BD5900BFA494 /* Release */,
			);
			defaultConfigurationIsVisible = 0;
			defaultConfigurationName = Release;
		};
/* End XCConfigurationList section */

/* Begin XCRemoteSwiftPackageReference section */
		1630C99F2981B68B005A0688 /* XCRemoteSwiftPackageReference "ZIPFoundation" */ = {
			isa = XCRemoteSwiftPackageReference;
			repositoryURL = "https://github.com/weichsel/ZIPFoundation";
			requirement = {
				kind = upToNextMajorVersion;
				minimumVersion = 0.9.9;
			};
		};
		163A5D2B2A9E19AD00D370FA /* XCRemoteSwiftPackageReference "pop-timer" */ = {
			isa = XCRemoteSwiftPackageReference;
			repositoryURL = "https://github.com/ptsochantaris/pop-timer";
			requirement = {
				branch = main;
				kind = branch;
			};
		};
		164CEC732AB31C7300298594 /* XCRemoteSwiftPackageReference "maintini" */ = {
			isa = XCRemoteSwiftPackageReference;
			repositoryURL = "https://github.com/ptsochantaris/maintini";
			requirement = {
				branch = main;
				kind = branch;
			};
		};
		16501BD929957AA000B77985 /* XCRemoteSwiftPackageReference "ml-stable-diffusion" */ = {
			isa = XCRemoteSwiftPackageReference;
			repositoryURL = "https://github.com/apple/ml-stable-diffusion";
			requirement = {
				branch = main;
				kind = branch;
			};
		};
/* End XCRemoteSwiftPackageReference section */

/* Begin XCSwiftPackageProductDependency section */
		1630C9A02981B68B005A0688 /* ZIPFoundation */ = {
			isa = XCSwiftPackageProductDependency;
			package = 1630C99F2981B68B005A0688 /* XCRemoteSwiftPackageReference "ZIPFoundation" */;
			productName = ZIPFoundation;
		};
		163A5D2C2A9E19AD00D370FA /* PopTimer */ = {
			isa = XCSwiftPackageProductDependency;
			package = 163A5D2B2A9E19AD00D370FA /* XCRemoteSwiftPackageReference "pop-timer" */;
			productName = PopTimer;
		};
		164CEC742AB31C7300298594 /* Maintini */ = {
			isa = XCSwiftPackageProductDependency;
			package = 164CEC732AB31C7300298594 /* XCRemoteSwiftPackageReference "maintini" */;
			productName = Maintini;
		};
		16501BDA29957AA000B77985 /* StableDiffusion */ = {
			isa = XCSwiftPackageProductDependency;
			package = 16501BD929957AA000B77985 /* XCRemoteSwiftPackageReference "ml-stable-diffusion" */;
			productName = StableDiffusion;
		};
/* End XCSwiftPackageProductDependency section */
	};
	rootObject = 1661423C2974BD5800BFA494 /* Project object */;
}
